PODS:
  - app_links (0.0.2):
    - Flutter
  - connectivity_plus (0.0.1):
    - Flutter
  - device_info_plus (0.0.1):
    - Flutter
  - DKImagePickerController/Core (4.3.9):
    - DKImagePickerController/ImageDataManager
    - DKImagePickerController/Resource
  - DKImagePickerController/ImageDataManager (4.3.9)
  - DKImagePickerController/PhotoGallery (4.3.9):
    - DKImagePickerController/Core
    - DKPhotoGallery
  - DKImagePickerController/Resource (4.3.9)
  - DKPhotoGallery (0.0.19):
    - DKPhotoGallery/Core (= 0.0.19)
    - DKPhotoGallery/Model (= 0.0.19)
    - DKPhotoGallery/Preview (= 0.0.19)
    - DKPhotoGallery/Resource (= 0.0.19)
    - SDWebImage
    - SwiftyGif
  - DKPhotoGallery/Core (0.0.19):
    - DKPhotoGallery/Model
    - DKPhotoGallery/Preview
    - SDWebImage
    - SwiftyGif
  - DKPhotoGallery/Model (0.0.19):
    - SDWebImage
    - SwiftyGif
  - DKPhotoGallery/Preview (0.0.19):
    - DKPhotoGallery/Model
    - DKPhotoGallery/Resource
    - SDWebImage
    - SwiftyGif
  - DKPhotoGallery/Resource (0.0.19):
    - SDWebImage
    - SwiftyGif
  - file_picker (0.0.1):
    - DKImagePickerController/PhotoGallery
    - Flutter
  - Flutter (1.0.0)
  - flutter_apple_handoff (0.0.1):
    - Flutter
    - FlutterMacOS
  - flutter_apple_spotlight (0.0.1):
    - Flutter
    - FlutterMacOS
  - flutter_local_notifications (0.0.1):
    - Flutter
  - home_widget (0.0.1):
    - Flutter
    - FlutterMacOS
  - image_picker_ios (0.0.1):
    - Flutter
  - irondash_engine_context (0.0.1):
    - Flutter
  - isar_flutter_libs (1.0.0):
    - Flutter
  - open_file_ios (0.0.1):
    - Flutter
  - path_provider_foundation (0.0.1):
    - Flutter
    - FlutterMacOS
  - permission_handler_apple (9.3.0):
    - Flutter
  - SDWebImage (5.20.0):
    - SDWebImage/Core (= 5.20.0)
  - SDWebImage/Core (5.20.0)
  - share_handler_ios (0.0.14):
    - Flutter
    - share_handler_ios/share_handler_ios_models (= 0.0.14)
    - share_handler_ios_models
  - share_handler_ios/share_handler_ios_models (0.0.14):
    - Flutter
    - share_handler_ios_models
  - share_handler_ios_models (0.0.9)
  - share_plus (0.0.1):
    - Flutter
  - super_native_extensions (0.0.1):
    - Flutter
  - SwiftyGif (5.4.5)
  - url_launcher_ios (0.0.1):
    - Flutter
  - webview_flutter_wkwebview (0.0.1):
    - Flutter
    - FlutterMacOS
  - workmanager (0.0.1):
    - Flutter

DEPENDENCIES:
  - app_links (from `.symlinks/plugins/app_links/ios`)
  - connectivity_plus (from `.symlinks/plugins/connectivity_plus/ios`)
  - device_info_plus (from `.symlinks/plugins/device_info_plus/ios`)
  - file_picker (from `.symlinks/plugins/file_picker/ios`)
  - Flutter (from `Flutter`)
  - flutter_apple_handoff (from `.symlinks/plugins/flutter_apple_handoff/darwin`)
  - flutter_apple_spotlight (from `.symlinks/plugins/flutter_apple_spotlight/darwin`)
  - flutter_local_notifications (from `.symlinks/plugins/flutter_local_notifications/ios`)
  - home_widget (from `.symlinks/plugins/home_widget/darwin`)
  - image_picker_ios (from `.symlinks/plugins/image_picker_ios/ios`)
  - irondash_engine_context (from `.symlinks/plugins/irondash_engine_context/ios`)
  - isar_flutter_libs (from `.symlinks/plugins/isar_flutter_libs/ios`)
  - open_file_ios (from `.symlinks/plugins/open_file_ios/ios`)
  - path_provider_foundation (from `.symlinks/plugins/path_provider_foundation/darwin`)
  - permission_handler_apple (from `.symlinks/plugins/permission_handler_apple/ios`)
  - share_handler_ios (from `.symlinks/plugins/share_handler_ios/ios`)
  - share_handler_ios_models (from `.symlinks/plugins/share_handler_ios/ios/Models`)
  - share_plus (from `.symlinks/plugins/share_plus/ios`)
  - super_native_extensions (from `.symlinks/plugins/super_native_extensions/ios`)
  - url_launcher_ios (from `.symlinks/plugins/url_launcher_ios/ios`)
  - webview_flutter_wkwebview (from `.symlinks/plugins/webview_flutter_wkwebview/darwin`)
  - workmanager (from `.symlinks/plugins/workmanager/ios`)

SPEC REPOS:
  trunk:
    - DKImagePickerController
    - DKPhotoGallery
    - SDWebImage
    - SwiftyGif

EXTERNAL SOURCES:
  app_links:
    :path: ".symlinks/plugins/app_links/ios"
  connectivity_plus:
    :path: ".symlinks/plugins/connectivity_plus/ios"
  device_info_plus:
    :path: ".symlinks/plugins/device_info_plus/ios"
  file_picker:
    :path: ".symlinks/plugins/file_picker/ios"
  Flutter:
    :path: Flutter
  flutter_apple_handoff:
    :path: ".symlinks/plugins/flutter_apple_handoff/darwin"
  flutter_apple_spotlight:
    :path: ".symlinks/plugins/flutter_apple_spotlight/darwin"
  flutter_local_notifications:
    :path: ".symlinks/plugins/flutter_local_notifications/ios"
  home_widget:
    :path: ".symlinks/plugins/home_widget/darwin"
  image_picker_ios:
    :path: ".symlinks/plugins/image_picker_ios/ios"
  irondash_engine_context:
    :path: ".symlinks/plugins/irondash_engine_context/ios"
  isar_flutter_libs:
    :path: ".symlinks/plugins/isar_flutter_libs/ios"
  open_file_ios:
    :path: ".symlinks/plugins/open_file_ios/ios"
  path_provider_foundation:
    :path: ".symlinks/plugins/path_provider_foundation/darwin"
  permission_handler_apple:
    :path: ".symlinks/plugins/permission_handler_apple/ios"
  share_handler_ios:
    :path: ".symlinks/plugins/share_handler_ios/ios"
  share_handler_ios_models:
    :path: ".symlinks/plugins/share_handler_ios/ios/Models"
  share_plus:
    :path: ".symlinks/plugins/share_plus/ios"
  super_native_extensions:
    :path: ".symlinks/plugins/super_native_extensions/ios"
  url_launcher_ios:
    :path: ".symlinks/plugins/url_launcher_ios/ios"
  webview_flutter_wkwebview:
    :path: ".symlinks/plugins/webview_flutter_wkwebview/darwin"
  workmanager:
    :path: ".symlinks/plugins/workmanager/ios"

SPEC CHECKSUMS:
  app_links: 76b66b60cc809390ca1ad69bfd66b998d2387ac7
  connectivity_plus: cb623214f4e1f6ef8fe7403d580fdad517d2f7dd
  device_info_plus: 71ffc6ab7634ade6267c7a93088ed7e4f74e5896
  DKImagePickerController: 946cec48c7873164274ecc4624d19e3da4c1ef3c
  DKPhotoGallery: b3834fecb755ee09a593d7c9e389d8b5d6deed60
  file_picker: a0560bc09d61de87f12d246fc47d2119e6ef37be
  Flutter: e0871f40cf51350855a761d2e70bf5af5b9b5de7
  flutter_apple_handoff: 084712ce2386f42a5c51d50daf8837cbbe80b568
  flutter_apple_spotlight: 938e3294e47ba04b79cb4afecf633e25520f6521
  flutter_local_notifications: a5a732f069baa862e728d839dd2ebb904737effb
  home_widget: 834f4b097ec5bf675b54621de18db13adde80794
  image_picker_ios: 7fe1ff8e34c1790d6fff70a32484959f563a928a
  irondash_engine_context: 8e58ca8e0212ee9d1c7dc6a42121849986c88486
  isar_flutter_libs: 9fc2cfb928c539e1b76c481ba5d143d556d94920
  open_file_ios: 5ff7526df64e4394b4fe207636b67a95e83078bb
  path_provider_foundation: 080d55be775b7414fd5a5ef3ac137b97b097e564
  permission_handler_apple: 4ed2196e43d0651e8ff7ca3483a069d469701f2d
  SDWebImage: 73c6079366fea25fa4bb9640d5fb58f0893facd8
  share_handler_ios: e2244e990f826b2c8eaa291ac3831569438ba0fb
  share_handler_ios_models: fc638c9b4330dc7f082586c92aee9dfa0b87b871
  share_plus: 50da8cb520a8f0f65671c6c6a99b3617ed10a58a
  super_native_extensions: b763c02dc3a8fd078389f410bf15149179020cb4
  SwiftyGif: 706c60cf65fa2bc5ee0313beece843c8eb8194d4
  url_launcher_ios: 694010445543906933d732453a59da0a173ae33d
  webview_flutter_wkwebview: 1821ceac936eba6f7984d89a9f3bcb4dea99ebb2
  workmanager: 01be2de7f184bd15de93a1812936a2b7f42ef07e

PODFILE CHECKSUM: 258adafa85ad9ea9631ea2b141934172c410f2a5

COCOAPODS: 1.16.2
